// !$*UTF8*$!
{
	archiveVersion = 1;
	classes = {
	};
	objectVersion = 46;
	objects = {

/* Begin PBXBuildFile section */
		00F425634F0BFA585BFD67C3 /* MetalKit.framework */ = {isa = PBXBuildFile; fileRef = 313A902AFFD4921FC0F5D6CD; settings = { ATTRIBUTES = (Weak, ); }; };
		217FEE5A12D0A6A4E198FC87 /* MainComponent.cpp */ = {isa = PBXBuildFile; fileRef = 99D63F2B2FD9ED49BDACE8D1; };
		396AD01F58B724ADA721D1CB /* include_juce_gui_basics.mm */ = {isa = PBXBuildFile; fileRef = 44355C250681FB22C7F895CA; };
		3F7BC5407B48A39FAC30A28D /* include_juce_events.mm */ = {isa = PBXBuildFile; fileRef = 63063622C429DA1E3F1476B7; };
		41A0008DEF1CFB751A19D392 /* IOKit.framework */ = {isa = PBXBuildFile; fileRef = E680E632AD8110B8B691E1CF; };
		44EBB2B41B8521DB1BE1F399 /* Cocoa.framework */ = {isa = PBXBuildFile; fileRef = BEE7EF238AA1165F41E376B3; };
		45EB18A8074AC0D6126C255E /* include_juce_core.mm */ = {isa = PBXBuildFile; fileRef = C5FA59C0EE22A7514F99B134; };
		735D060DF7EB1F9EC9F0C5CB /* App */ = {isa = PBXBuildFile; fileRef = 70071034DF52383113385FC3; };
		7E4A6CB87E37BDFD3B635693 /* Main.cpp */ = {isa = PBXBuildFile; fileRef = CC6923E20BFBDF7A2E6E3EE0; };
		8729EF4CE1BEEC77FBA315DA /* QuartzCore.framework */ = {isa = PBXBuildFile; fileRef = 690AA889D82072F97ED20375; };
		AE7CC818FDC451611C41DD9D /* include_juce_data_structures.mm */ = {isa = PBXBuildFile; fileRef = 4B1CFFB9078A3E4744B0E8FB; };
		C0A93A810C4B2B72D8B6ACD2 /* include_juce_graphics.mm */ = {isa = PBXBuildFile; fileRef = BA9CCED3B1786C9E364F89E0; };
		CD82384F49F2216C1E7DCB58 /* Security.framework */ = {isa = PBXBuildFile; fileRef = D5E7D44BA570CAD61FC57461; };
		D3E10CB61F8D826DA0466FFA /* RecentFilesMenuTemplate.nib */ = {isa = PBXBuildFile; fileRef = 5EF524A7DD60B4E5D1DC3085; };
		EB103B8362779590927FA919 /* Metal.framework */ = {isa = PBXBuildFile; fileRef = 5AB0A56F8D731395899DC073; settings = { ATTRIBUTES = (Weak, ); }; };
		EDD52C5A57E13C7C04B5D630 /* Foundation.framework */ = {isa = PBXBuildFile; fileRef = 76E9B4DD51E49694029A760D; };
		EFACF920FCE1DCC99B51AF92 /* LineComponent.cpp */ = {isa = PBXBuildFile; fileRef = 8E387F81E1018D17E62C7C83; };
/* End PBXBuildFile section */

/* Begin PBXFileReference section */
		04ADC7C1278664D6217BE3E4 /* juce_events */ /* juce_events */ = {isa = PBXFileReference; lastKnownFileType = folder; name = juce_events; path = /Applications/JUCE/modules/juce_events; sourceTree = "<absolute>"; };
		13753E65E6E79439C8BD3EEA /* JuceHeader.h */ /* JuceHeader.h */ = {isa = PBXFileReference; lastKnownFileType = sourcecode.c.h; name = JuceHeader.h; path = ../../JuceLibraryCode/JuceHeader.h; sourceTree = SOURCE_ROOT; };
		1A30B647CF24AE1953F0F215 /* juce_gui_basics */ /* juce_gui_basics */ = {isa = PBXFileReference; lastKnownFileType = folder; name = juce_gui_basics; path = /Applications/JUCE/modules/juce_gui_basics; sourceTree = "<absolute>"; };
		313A902AFFD4921FC0F5D6CD /* MetalKit.framework */ /* MetalKit.framework */ = {isa = PBXFileReference; lastKnownFileType = wrapper.framework; name = MetalKit.framework; path = System/Library/Frameworks/MetalKit.framework; sourceTree = SDKROOT; };
		44355C250681FB22C7F895CA /* include_juce_gui_basics.mm */ /* include_juce_gui_basics.mm */ = {isa = PBXFileReference; lastKnownFileType = sourcecode.cpp.objcpp; name = include_juce_gui_basics.mm; path = ../../JuceLibraryCode/include_juce_gui_basics.mm; sourceTree = SOURCE_ROOT; };
		4B1CFFB9078A3E4744B0E8FB /* include_juce_data_structures.mm */ /* include_juce_data_structures.mm */ = {isa = PBXFileReference; lastKnownFileType = sourcecode.cpp.objcpp; name = include_juce_data_structures.mm; path = ../../JuceLibraryCode/include_juce_data_structures.mm; sourceTree = SOURCE_ROOT; };
		5A680C1F1F32A60D2D71CB81 /* juce_graphics */ /* juce_graphics */ = {isa = PBXFileReference; lastKnownFileType = folder; name = juce_graphics; path = /Applications/JUCE/modules/juce_graphics; sourceTree = "<absolute>"; };
		5AB0A56F8D731395899DC073 /* Metal.framework */ /* Metal.framework */ = {isa = PBXFileReference; lastKnownFileType = wrapper.framework; name = Metal.framework; path = System/Library/Frameworks/Metal.framework; sourceTree = SDKROOT; };
		5EF524A7DD60B4E5D1DC3085 /* RecentFilesMenuTemplate.nib */ /* RecentFilesMenuTemplate.nib */ = {isa = PBXFileReference; lastKnownFileType = file.nib; name = RecentFilesMenuTemplate.nib; path = RecentFilesMenuTemplate.nib; sourceTree = SOURCE_ROOT; };
		63063622C429DA1E3F1476B7 /* include_juce_events.mm */ /* include_juce_events.mm */ = {isa = PBXFileReference; lastKnownFileType = sourcecode.cpp.objcpp; name = include_juce_events.mm; path = ../../JuceLibraryCode/include_juce_events.mm; sourceTree = SOURCE_ROOT; };
		690AA889D82072F97ED20375 /* QuartzCore.framework */ /* QuartzCore.framework */ = {isa = PBXFileReference; lastKnownFileType = wrapper.framework; name = QuartzCore.framework; path = System/Library/Frameworks/QuartzCore.framework; sourceTree = SDKROOT; };
		70071034DF52383113385FC3 /* App */ = {isa = PBXFileReference; explicitFileType = wrapper.application; includeInIndex = 0; path = Appy.app; sourceTree = BUILT_PRODUCTS_DIR; };
		76E9B4DD51E49694029A760D /* Foundation.framework */ /* Foundation.framework */ = {isa = PBXFileReference; lastKnownFileType = wrapper.framework; name = Foundation.framework; path = System/Library/Frameworks/Foundation.framework; sourceTree = SDKROOT; };
		8E387F81E1018D17E62C7C83 /* LineComponent.cpp */ /* LineComponent.cpp */ = {isa = PBXFileReference; lastKnownFileType = sourcecode.cpp.cpp; name = LineComponent.cpp; path = ../../Source/LineComponent.cpp; sourceTree = SOURCE_ROOT; };
		99D63F2B2FD9ED49BDACE8D1 /* MainComponent.cpp */ /* MainComponent.cpp */ = {isa = PBXFileReference; lastKnownFileType = sourcecode.cpp.cpp; name = MainComponent.cpp; path = ../../Source/MainComponent.cpp; sourceTree = SOURCE_ROOT; };
		9B69EFA709CA81A950C6B3B4 /* LineComponent.h */ /* LineComponent.h */ = {isa = PBXFileReference; lastKnownFileType = sourcecode.c.h; name = LineComponent.h; path = ../../Source/LineComponent.h; sourceTree = SOURCE_ROOT; };
		B65B7CBF9B14F8AFAB228375 /* Info-App.plist */ /* Info-App.plist */ = {isa = PBXFileReference; lastKnownFileType = text.plist.xml; name = "Info-App.plist"; path = "Info-App.plist"; sourceTree = SOURCE_ROOT; };
		B87F7C9E82F44D93EE74559B /* juce_core */ /* juce_core */ = {isa = PBXFileReference; lastKnownFileType = folder; name = juce_core; path = /Applications/JUCE/modules/juce_core; sourceTree = "<absolute>"; };
		BA9CCED3B1786C9E364F89E0 /* include_juce_graphics.mm */ /* include_juce_graphics.mm */ = {isa = PBXFileReference; lastKnownFileType = sourcecode.cpp.objcpp; name = include_juce_graphics.mm; path = ../../JuceLibraryCode/include_juce_graphics.mm; sourceTree = SOURCE_ROOT; };
		BEE7EF238AA1165F41E376B3 /* Cocoa.framework */ /* Cocoa.framework */ = {isa = PBXFileReference; lastKnownFileType = wrapper.framework; name = Cocoa.framework; path = System/Library/Frameworks/Cocoa.framework; sourceTree = SDKROOT; };
		C5FA59C0EE22A7514F99B134 /* include_juce_core.mm */ /* include_juce_core.mm */ = {isa = PBXFileReference; lastKnownFileType = sourcecode.cpp.objcpp; name = include_juce_core.mm; path = ../../JuceLibraryCode/include_juce_core.mm; sourceTree = SOURCE_ROOT; };
		CC6923E20BFBDF7A2E6E3EE0 /* Main.cpp */ /* Main.cpp */ = {isa = PBXFileReference; lastKnownFileType = sourcecode.cpp.cpp; name = Main.cpp; path = ../../Source/Main.cpp; sourceTree = SOURCE_ROOT; };
		D5E7D44BA570CAD61FC57461 /* Security.framework */ /* Security.framework */ = {isa = PBXFileReference; lastKnownFileType = wrapper.framework; name = Security.framework; path = System/Library/Frameworks/Security.framework; sourceTree = SDKROOT; };
		E314AFFA890EC4754B6FE44B /* MainComponent.h */ /* MainComponent.h */ = {isa = PBXFileReference; lastKnownFileType = sourcecode.c.h; name = MainComponent.h; path = ../../Source/MainComponent.h; sourceTree = SOURCE_ROOT; };
		E4E40544EC422552328E89C9 /* juce_data_structures */ /* juce_data_structures */ = {isa = PBXFileReference; lastKnownFileType = folder; name = juce_data_structures; path = /Applications/JUCE/modules/juce_data_structures; sourceTree = "<absolute>"; };
		E680E632AD8110B8B691E1CF /* IOKit.framework */ /* IOKit.framework */ = {isa = PBXFileReference; lastKnownFileType = wrapper.framework; name = IOKit.framework; path = System/Library/Frameworks/IOKit.framework; sourceTree = SDKROOT; };
/* End PBXFileReference section */

/* Begin PBXFrameworksBuildPhase section */
		AB2D4D342533D831E0FAD442 = {
			isa = PBXFrameworksBuildPhase;
			buildActionMask = 2147483647;
			files = (
				44EBB2B41B8521DB1BE1F399,
				EDD52C5A57E13C7C04B5D630,
				41A0008DEF1CFB751A19D392,
				8729EF4CE1BEEC77FBA315DA,
				CD82384F49F2216C1E7DCB58,
				EB103B8362779590927FA919,
				00F425634F0BFA585BFD67C3,
			);
			runOnlyForDeploymentPostprocessing = 0;
		};
/* End PBXFrameworksBuildPhase section */

/* Begin PBXGroup section */
		02D895E7FC7C9E3D8279DF55 /* NewProject */ = {
			isa = PBXGroup;
			children = (
				3B863F71FFB95D092F10364F,
			);
			name = NewProject;
			sourceTree = "<group>";
		};
		3B863F71FFB95D092F10364F /* Source */ = {
			isa = PBXGroup;
			children = (
				8E387F81E1018D17E62C7C83,
				9B69EFA709CA81A950C6B3B4,
				CC6923E20BFBDF7A2E6E3EE0,
				99D63F2B2FD9ED49BDACE8D1,
				E314AFFA890EC4754B6FE44B,
			);
			name = Source;
			sourceTree = "<group>";
		};
		495F228C0716FE8F7E9CC656 /* JUCE Library Code */ = {
			isa = PBXGroup;
			children = (
				C5FA59C0EE22A7514F99B134,
				4B1CFFB9078A3E4744B0E8FB,
				63063622C429DA1E3F1476B7,
				BA9CCED3B1786C9E364F89E0,
				44355C250681FB22C7F895CA,
				13753E65E6E79439C8BD3EEA,
			);
			name = "JUCE Library Code";
			sourceTree = "<group>";
		};
		549A5F2F0355499EFA90C50F /* Source */ = {
			isa = PBXGroup;
			children = (
				02D895E7FC7C9E3D8279DF55,
				A457DAF6A26A4A4B7FA9FD1B,
				495F228C0716FE8F7E9CC656,
				661A68BCA9A5D59785A0114C,
				8F16BFEEF82823C90FECBA18,
				9B498E86334AB318000C9752,
			);
			name = Source;
			sourceTree = "<group>";
		};
		661A68BCA9A5D59785A0114C /* Resources */ = {
			isa = PBXGroup;
			children = (
				B65B7CBF9B14F8AFAB228375,
				5EF524A7DD60B4E5D1DC3085,
			);
			name = Resources;
			sourceTree = "<group>";
		};
		8F16BFEEF82823C90FECBA18 /* Frameworks */ = {
			isa = PBXGroup;
			children = (
				BEE7EF238AA1165F41E376B3,
				76E9B4DD51E49694029A760D,
				E680E632AD8110B8B691E1CF,
				690AA889D82072F97ED20375,
				D5E7D44BA570CAD61FC57461,
				5AB0A56F8D731395899DC073,
				313A902AFFD4921FC0F5D6CD,
			);
			name = Frameworks;
			sourceTree = "<group>";
		};
		9B498E86334AB318000C9752 /* Products */ = {
			isa = PBXGroup;
			children = (
				70071034DF52383113385FC3,
			);
			name = Products;
			sourceTree = "<group>";
		};
		A457DAF6A26A4A4B7FA9FD1B /* JUCE Modules */ = {
			isa = PBXGroup;
			children = (
				B87F7C9E82F44D93EE74559B,
				E4E40544EC422552328E89C9,
				04ADC7C1278664D6217BE3E4,
				5A680C1F1F32A60D2D71CB81,
				1A30B647CF24AE1953F0F215,
			);
			name = "JUCE Modules";
			sourceTree = "<group>";
		};
/* End PBXGroup section */

/* Begin PBXNativeTarget section */
		63D80921C7BF7C98532D34FD /* NewProject - App */ = {
			isa = PBXNativeTarget;
			buildConfigurationList = A598DC3A03703A4F45FCF975;
			buildPhases = (
				186E8D8DFDB4FF30935D28FF,
				B1002E25A0862033EB6A9456,
				AB2D4D342533D831E0FAD442,
			);
			buildRules = (
			);
			dependencies = (
			);
			name = "NewProject - App";
			productName = NewProject;
			productReference = 70071034DF52383113385FC3;
			productType = "com.apple.product-type.application";
		};
/* End PBXNativeTarget section */

/* Begin PBXProject section */
		D910A51F0DA718F1944779D5 = {
			isa = PBXProject;
			attributes = {
				BuildIndependentTargetsInParallel = YES;
				LastUpgradeCheck = 1340;
				ORGANIZATIONNAME = "";
				TargetAttributes = {
					63D80921C7BF7C98532D34FD = {
						SystemCapabilities = {
							com.apple.ApplicationGroups.iOS = {
								enabled = 0;
							};
							com.apple.HardenedRuntime = {
								enabled = 0;
							};
							com.apple.InAppPurchase = {
								enabled = 0;
							};
							com.apple.InterAppAudio = {
								enabled = 0;
							};
							com.apple.Push = {
								enabled = 0;
							};
							com.apple.Sandbox = {
								enabled = 0;
							};
						};
					};
				};
			};
			buildConfigurationList = E38DF74DACC8CC579AEEFCAC;
			compatibilityVersion = "Xcode 3.2";
			hasScannedForEncodings = 0;
			knownRegions = (
				en,
				Base,
			);
			mainGroup = 549A5F2F0355499EFA90C50F;
			projectDirPath = "";
			projectRoot = "";
			targets = (
				63D80921C7BF7C98532D34FD,
			);
		};
/* End PBXProject section */

/* Begin PBXResourcesBuildPhase section */
		186E8D8DFDB4FF30935D28FF = {
			isa = PBXResourcesBuildPhase;
			buildActionMask = 2147483647;
			files = (
				D3E10CB61F8D826DA0466FFA,
			);
			runOnlyForDeploymentPostprocessing = 0;
		};
/* End PBXResourcesBuildPhase section */

/* Begin PBXSourcesBuildPhase section */
		B1002E25A0862033EB6A9456 = {
			isa = PBXSourcesBuildPhase;
			buildActionMask = 2147483647;
			files = (
				EFACF920FCE1DCC99B51AF92,
				7E4A6CB87E37BDFD3B635693,
				217FEE5A12D0A6A4E198FC87,
				45EB18A8074AC0D6126C255E,
				AE7CC818FDC451611C41DD9D,
				3F7BC5407B48A39FAC30A28D,
				C0A93A810C4B2B72D8B6ACD2,
				396AD01F58B724ADA721D1CB,
			);
			runOnlyForDeploymentPostprocessing = 0;
		};
/* End PBXSourcesBuildPhase section */

/* Begin XCBuildConfiguration section */
		61FE43F83713B2B6F899FE45 /* Release */ = {
			isa = XCBuildConfiguration;
			buildSettings = {
				CLANG_CXX_LANGUAGE_STANDARD = "c++17";
				CLANG_CXX_LIBRARY = "libc++";
				CLANG_LINK_OBJC_RUNTIME = NO;
				COMBINE_HIDPI_IMAGES = YES;
				CONFIGURATION_BUILD_DIR = "$(PROJECT_DIR)/build/$(CONFIGURATION)";
				DEAD_CODE_STRIPPING = YES;
				EXCLUDED_ARCHS = "";
				GCC_GENERATE_DEBUGGING_SYMBOLS = NO;
				GCC_OPTIMIZATION_LEVEL = 3;
				GCC_PREPROCESSOR_DEFINITIONS = (
					"_NDEBUG=1",
					"NDEBUG=1",
					"JUCE_DISPLAY_SPLASH_SCREEN=1",
					"JUCE_USE_DARK_SPLASH_SCREEN=1",
					"JUCE_PROJUCER_VERSION=0x7000c",
					"JUCE_MODULE_AVAILABLE_juce_core=1",
					"JUCE_MODULE_AVAILABLE_juce_data_structures=1",
					"JUCE_MODULE_AVAILABLE_juce_events=1",
					"JUCE_MODULE_AVAILABLE_juce_graphics=1",
					"JUCE_MODULE_AVAILABLE_juce_gui_basics=1",
					"JUCE_GLOBAL_MODULE_SETTINGS_INCLUDED=1",
					"JUCE_STRICT_REFCOUNTEDPOINTER=1",
					"JUCE_STANDALONE_APPLICATION=1",
					"JUCER_XCODE_MAC_F6D2F4CF=1",
					"JUCE_APP_VERSION=1.0.0",
					"JUCE_APP_VERSION_HEX=0x10000",
					"JucePlugin_Build_VST=0",
					"JucePlugin_Build_VST3=0",
					"JucePlugin_Build_AU=0",
					"JucePlugin_Build_AUv3=0",
					"JucePlugin_Build_AAX=0",
					"JucePlugin_Build_Standalone=0",
					"JucePlugin_Build_Unity=0",
					"JucePlugin_Build_LV2=0",
				);
				GCC_VERSION = com.apple.compilers.llvm.clang.1_0;
				HEADER_SEARCH_PATHS = (
					"$(SRCROOT)/../../JuceLibraryCode",
					"/Applications/JUCE/modules",
					"$(inherited)",
				);
				INFOPLIST_FILE = Info-App.plist;
				INFOPLIST_PREPROCESS = NO;
				INSTALL_PATH = "$(HOME)/Applications";
				LLVM_LTO = YES;
				MACOSX_DEPLOYMENT_TARGET = 10.13;
				MTL_HEADER_SEARCH_PATHS = "$(SRCROOT)/../../JuceLibraryCode /Applications/JUCE/modules";
				PRODUCT_BUNDLE_IDENTIFIER = com.yourcompany.NewProject;
				PRODUCT_NAME = "Appy";
				USE_HEADERMAP = NO;
				VALID_ARCHS = "i386 x86_64 arm64 arm64e";
			};
			name = Release;
		};
		9265A55CBFD5F255691510F9 /* Release */ = {
			isa = XCBuildConfiguration;
			buildSettings = {
				ALWAYS_SEARCH_USER_PATHS = NO;
				CLANG_ENABLE_OBJC_WEAK = YES;
				CLANG_WARN_BLOCK_CAPTURE_AUTORELEASING = YES;
				CLANG_WARN_BOOL_CONVERSION = YES;
				CLANG_WARN_COMMA = YES;
				CLANG_WARN_CONSTANT_CONVERSION = YES;
				CLANG_WARN_DEPRECATED_OBJC_IMPLEMENTATIONS = YES;
				CLANG_WARN_EMPTY_BODY = YES;
				CLANG_WARN_ENUM_CONVERSION = YES;
				CLANG_WARN_INFINITE_RECURSION = YES;
				CLANG_WARN_INT_CONVERSION = YES;
				CLANG_WARN_NON_LITERAL_NULL_CONVERSION = YES;
				CLANG_WARN_OBJC_IMPLICIT_RETAIN_SELF = YES;
				CLANG_WARN_OBJC_LITERAL_CONVERSION = YES;
				CLANG_WARN_RANGE_LOOP_ANALYSIS = YES;
				CLANG_WARN_STRICT_PROTOTYPES = YES;
				CLANG_WARN_SUSPICIOUS_MOVE = YES;
				CLANG_WARN_UNREACHABLE_CODE = YES;
				CLANG_WARN__DUPLICATE_METHOD_MATCH = YES;
				DEBUG_INFORMATION_FORMAT = dwarf;
				ENABLE_STRICT_OBJC_MSGSEND = YES;
				ENABLE_TESTABILITY = NO;
				GCC_C_LANGUAGE_STANDARD = c11;
				GCC_INLINES_ARE_PRIVATE_EXTERN = YES;
				GCC_MODEL_TUNING = G5;
				GCC_NO_COMMON_BLOCKS = YES;
				GCC_SYMBOLS_PRIVATE_EXTERN = YES;
				GCC_WARN_64_TO_32_BIT_CONVERSION = YES;
				GCC_WARN_ABOUT_RETURN_TYPE = YES;
				GCC_WARN_CHECK_SWITCH_STATEMENTS = YES;
				GCC_WARN_MISSING_PARENTHESES = YES;
				GCC_WARN_NON_VIRTUAL_DESTRUCTOR = YES;
				GCC_WARN_TYPECHECK_CALLS_TO_PRINTF = YES;
				GCC_WARN_UNDECLARED_SELECTOR = YES;
				GCC_WARN_UNINITIALIZED_AUTOS = YES;
				GCC_WARN_UNUSED_FUNCTION = YES;
				GCC_WARN_UNUSED_VARIABLE = YES;
				OTHER_CODE_SIGN_FLAGS = --timestamp;
				PRODUCT_NAME = "Appy";
				SDKROOT = macosx;
				WARNING_CFLAGS = "-Wreorder";
				ZERO_LINK = NO;
			};
			name = Release;
		};
		DB383348568BB85E068B5FCA /* Debug */ = {
			isa = XCBuildConfiguration;
			buildSettings = {
				CLANG_CXX_LANGUAGE_STANDARD = "c++17";
				CLANG_CXX_LIBRARY = "libc++";
				CLANG_LINK_OBJC_RUNTIME = NO;
				COMBINE_HIDPI_IMAGES = YES;
				CONFIGURATION_BUILD_DIR = "$(PROJECT_DIR)/build/$(CONFIGURATION)";
				COPY_PHASE_STRIP = NO;
				EXCLUDED_ARCHS = "";
				GCC_DYNAMIC_NO_PIC = NO;
				GCC_OPTIMIZATION_LEVEL = 0;
				GCC_PREPROCESSOR_DEFINITIONS = (
					"_DEBUG=1",
					"DEBUG=1",
					"JUCE_DISPLAY_SPLASH_SCREEN=1",
					"JUCE_USE_DARK_SPLASH_SCREEN=1",
					"JUCE_PROJUCER_VERSION=0x7000c",
					"JUCE_MODULE_AVAILABLE_juce_core=1",
					"JUCE_MODULE_AVAILABLE_juce_data_structures=1",
					"JUCE_MODULE_AVAILABLE_juce_events=1",
					"JUCE_MODULE_AVAILABLE_juce_graphics=1",
					"JUCE_MODULE_AVAILABLE_juce_gui_basics=1",
					"JUCE_GLOBAL_MODULE_SETTINGS_INCLUDED=1",
					"JUCE_STRICT_REFCOUNTEDPOINTER=1",
					"JUCE_STANDALONE_APPLICATION=1",
					"JUCER_XCODE_MAC_F6D2F4CF=1",
					"JUCE_APP_VERSION=1.0.0",
					"JUCE_APP_VERSION_HEX=0x10000",
					"JucePlugin_Build_VST=0",
					"JucePlugin_Build_VST3=0",
					"JucePlugin_Build_AU=0",
					"JucePlugin_Build_AUv3=0",
					"JucePlugin_Build_AAX=0",
					"JucePlugin_Build_Standalone=0",
					"JucePlugin_Build_Unity=0",
					"JucePlugin_Build_LV2=0",
				);
				GCC_VERSION = com.apple.compilers.llvm.clang.1_0;
				HEADER_SEARCH_PATHS = (
					"$(SRCROOT)/../../JuceLibraryCode",
					"/Applications/JUCE/modules",
					"$(inherited)",
				);
				INFOPLIST_FILE = Info-App.plist;
				INFOPLIST_PREPROCESS = NO;
				INSTALL_PATH = "$(HOME)/Applications";
				MACOSX_DEPLOYMENT_TARGET = 10.13;
				MTL_HEADER_SEARCH_PATHS = "$(SRCROOT)/../../JuceLibraryCode /Applications/JUCE/modules";
				PRODUCT_BUNDLE_IDENTIFIER = com.yourcompany.NewProject;
				PRODUCT_NAME = "Appy";
				USE_HEADERMAP = NO;
				VALID_ARCHS = "i386 x86_64 arm64 arm64e";
			};
			name = Debug;
		};
		F95E65B5E1F996FA97554139 /* Debug */ = {
			isa = XCBuildConfiguration;
			buildSettings = {
				ALWAYS_SEARCH_USER_PATHS = NO;
				CLANG_ENABLE_OBJC_WEAK = YES;
				CLANG_WARN_BLOCK_CAPTURE_AUTORELEASING = YES;
				CLANG_WARN_BOOL_CONVERSION = YES;
				CLANG_WARN_COMMA = YES;
				CLANG_WARN_CONSTANT_CONVERSION = YES;
				CLANG_WARN_DEPRECATED_OBJC_IMPLEMENTATIONS = YES;
				CLANG_WARN_EMPTY_BODY = YES;
				CLANG_WARN_ENUM_CONVERSION = YES;
				CLANG_WARN_INFINITE_RECURSION = YES;
				CLANG_WARN_INT_CONVERSION = YES;
				CLANG_WARN_NON_LITERAL_NULL_CONVERSION = YES;
				CLANG_WARN_OBJC_IMPLICIT_RETAIN_SELF = YES;
				CLANG_WARN_OBJC_LITERAL_CONVERSION = YES;
				CLANG_WARN_RANGE_LOOP_ANALYSIS = YES;
				CLANG_WARN_STRICT_PROTOTYPES = YES;
				CLANG_WARN_SUSPICIOUS_MOVE = YES;
				CLANG_WARN_UNREACHABLE_CODE = YES;
				CLANG_WARN__DUPLICATE_METHOD_MATCH = YES;
				DEBUG_INFORMATION_FORMAT = dwarf;
				ENABLE_STRICT_OBJC_MSGSEND = YES;
				ENABLE_TESTABILITY = NO;
				GCC_C_LANGUAGE_STANDARD = c11;
				GCC_INLINES_ARE_PRIVATE_EXTERN = YES;
				GCC_MODEL_TUNING = G5;
				GCC_NO_COMMON_BLOCKS = YES;
				GCC_SYMBOLS_PRIVATE_EXTERN = YES;
				GCC_WARN_64_TO_32_BIT_CONVERSION = YES;
				GCC_WARN_ABOUT_RETURN_TYPE = YES;
				GCC_WARN_CHECK_SWITCH_STATEMENTS = YES;
				GCC_WARN_MISSING_PARENTHESES = YES;
				GCC_WARN_NON_VIRTUAL_DESTRUCTOR = YES;
				GCC_WARN_TYPECHECK_CALLS_TO_PRINTF = YES;
				GCC_WARN_UNDECLARED_SELECTOR = YES;
				GCC_WARN_UNINITIALIZED_AUTOS = YES;
				GCC_WARN_UNUSED_FUNCTION = YES;
				GCC_WARN_UNUSED_VARIABLE = YES;
				ONLY_ACTIVE_ARCH = YES;
				OTHER_CODE_SIGN_FLAGS = --timestamp;
				PRODUCT_NAME = "Appy";
				SDKROOT = macosx;
				WARNING_CFLAGS = "-Wreorder";
				ZERO_LINK = NO;
			};
			name = Debug;
		};
/* End XCBuildConfiguration section */

/* Begin XCConfigurationList section */
		A598DC3A03703A4F45FCF975 = {
			isa = XCConfigurationList;
			buildConfigurations = (
				DB383348568BB85E068B5FCA,
				61FE43F83713B2B6F899FE45,
			);
			defaultConfigurationIsVisible = 0;
			defaultConfigurationName = Debug;
		};
		E38DF74DACC8CC579AEEFCAC = {
			isa = XCConfigurationList;
			buildConfigurations = (
				9265A55CBFD5F255691510F9,
				F95E65B5E1F996FA97554139,
			);
			defaultConfigurationIsVisible = 0;
			defaultConfigurationName = Debug;
		};
/* End XCConfigurationList section */
	};
	rootObject = D910A51F0DA718F1944779D5 /* Project object */;
}
